Microsoft Visual Studio Solution File, Format Version 11.00
# Visual Studio 2008

Project("{73CFFF5E-E950-AD89-6694-94EA3BC9B754}") = "OVAL Cardboard", "Assembly-CSharp-firstpass.csproj", "{59362630-73E3-7CA6-4373-CAEEE1DCA914}"
EndProject
Project("{73CFFF5E-E950-AD89-6694-94EA3BC9B754}") = "OVAL Cardboard", "Assembly-CSharp.csproj", "{4F0961A8-8858-2B7E-0B46-ED56362A707A}"
EndProject
Project("{73CFFF5E-E950-AD89-6694-94EA3BC9B754}") = "OVAL Cardboard", "Assembly-CSharp-Editor.csproj", "{348141AB-A9CC-202F-41D3-556159EF557A}"
EndProject
Global
	GlobalSection(SolutionConfigurationPlatforms) = preSolution
		Debug|Any CPU = Debug|Any CPU
		Release|Any CPU = Release|Any CPU
	EndGlobalSection
	GlobalSection(ProjectConfigurationPlatforms) = postSolution
		{59362630-73E3-7CA6-4373-CAEEE1DCA914}.Debug|Any CPU.ActiveCfg = Debug|Any CPU
		{59362630-73E3-7CA6-4373-CAEEE1DCA914}.Debug|Any CPU.Build.0 = Debug|Any CPU
		{59362630-73E3-7CA6-4373-CAEEE1DCA914}.Release|Any CPU.ActiveCfg = Release|Any CPU
		{59362630-73E3-7CA6-4373-CAEEE1DCA914}.Release|Any CPU.Build.0 = Release|Any CPU
		{4F0961A8-8858-2B7E-0B46-ED56362A707A}.Debug|Any CPU.ActiveCfg = Debug|Any CPU
		{4F0961A8-8858-2B7E-0B46-ED56362A707A}.Debug|Any CPU.Build.0 = Debug|Any CPU
		{4F0961A8-8858-2B7E-0B46-ED56362A707A}.Release|Any CPU.ActiveCfg = Release|Any CPU
		{4F0961A8-8858-2B7E-0B46-ED56362A707A}.Release|Any CPU.Build.0 = Release|Any CPU
		{348141AB-A9CC-202F-41D3-556159EF557A}.Debug|Any CPU.ActiveCfg = Debug|Any CPU
		{348141AB-A9CC-202F-41D3-556159EF557A}.Debug|Any CPU.Build.0 = Debug|Any CPU
		{348141AB-A9CC-202F-41D3-556159EF557A}.Release|Any CPU.ActiveCfg = Release|Any CPU
		{348141AB-A9CC-202F-41D3-556159EF557A}.Release|Any CPU.Build.0 = Release|Any CPU
	EndGlobalSection
	GlobalSection(SolutionProperties) = preSolution
		HideSolutionNode = FALSE
	EndGlobalSection
	GlobalSection(MonoDevelopProperties) = preSolution
		StartupItem = Assembly-CSharp.csproj
	EndGlobalSection
EndGlobal
